
Microsoft Visual Studio Solution File, Format Version 12.00
# Visual Studio Version 16
VisualStudioVersion = 16.0.31515.178
MinimumVisualStudioVersion = 10.0.40219.1
Project("{FAE04EC0-301F-11D3-BF4B-00C04F79EFBC}") = "Jackie", "Jackie.csproj", "{B426E9F5-DBC2-4AA3-A960-93466B585225}"
EndProject
Global
	GlobalSection(SolutionConfigurationPlatforms) = preSolution
		Debug|Any CPU = Debug|Any CPU
		Release|Any CPU = Release|Any CPU
	EndGlobalSection
	GlobalSection(ProjectConfigurationPlatforms) = postSolution
		{B426E9F5-DBC2-4AA3-A960-93466B585225}.Debug|Any CPU.ActiveCfg = Debug|Any CPU
		{B426E9F5-DBC2-4AA3-A960-93466B585225}.Debug|Any CPU.Build.0 = Debug|Any CPU
		{B426E9F5-DBC2-4AA3-A960-93466B585225}.Release|Any CPU.ActiveCfg = Release|Any CPU
		{B426E9F5-DBC2-4AA3-A960-93466B585225}.Release|Any CPU.Build.0 = Release|Any CPU
	EndGlobalSection
	GlobalSection(SolutionProperties) = preSolution
		HideSolutionNode = FALSE
	EndGlobalSection
	GlobalSection(ExtensibilityGlobals) = postSolution
		SolutionGuid = {AECC190F-3369-49F6-A094-355B1979A284}
	EndGlobalSection
EndGlobal
